
Microsoft Visual Studio Solution File, Format Version 12.00
# Visual Studio Version 16
VisualStudioVersion = 16.0.29521.150
MinimumVisualStudioVersion = 10.0.40219.1
Project("{9A19103F-16F7-4668-BE54-9A1E7A4F7556}") = "NclLab", "NclLab\NclLab.csproj", "{2322A113-AF54-4D33-B9FF-0C8C50AFF85A}"
EndProject
Project("{2150E333-8FDC-42A3-9474-1A3956D46DE8}") = "Samples", "Samples", "{669A9A23-621B-43A3-AAFB-5C9471A58EEA}"
EndProject
Project("{9A19103F-16F7-4668-BE54-9A1E7A4F7556}") = "RegisteredSocketsSample", "RegisteredSocketsSample\RegisteredSocketsSample.csproj", "{66165B99-DC77-40A4-90B9-05A1CB468FEA}"
EndProject
Project("{9A19103F-16F7-4668-BE54-9A1E7A4F7556}") = "NclLab.Kestrel", "NclLab.Kestrel\NclLab.Kestrel.csproj", "{A120E038-057C-42BE-95CB-F740102BCE2F}"
EndProject
Global
	GlobalSection(SolutionConfigurationPlatforms) = preSolution
		Debug|Any CPU = Debug|Any CPU
		Release|Any CPU = Release|Any CPU
	EndGlobalSection
	GlobalSection(ProjectConfigurationPlatforms) = postSolution
		{2322A113-AF54-4D33-B9FF-0C8C50AFF85A}.Debug|Any CPU.ActiveCfg = Debug|Any CPU
		{2322A113-AF54-4D33-B9FF-0C8C50AFF85A}.Debug|Any CPU.Build.0 = Debug|Any CPU
		{2322A113-AF54-4D33-B9FF-0C8C50AFF85A}.Release|Any CPU.ActiveCfg = Release|Any CPU
		{2322A113-AF54-4D33-B9FF-0C8C50AFF85A}.Release|Any CPU.Build.0 = Release|Any CPU
		{66165B99-DC77-40A4-90B9-05A1CB468FEA}.Debug|Any CPU.ActiveCfg = Debug|Any CPU
		{66165B99-DC77-40A4-90B9-05A1CB468FEA}.Debug|Any CPU.Build.0 = Debug|Any CPU
		{66165B99-DC77-40A4-90B9-05A1CB468FEA}.Release|Any CPU.ActiveCfg = Release|Any CPU
		{66165B99-DC77-40A4-90B9-05A1CB468FEA}.Release|Any CPU.Build.0 = Release|Any CPU
		{A120E038-057C-42BE-95CB-F740102BCE2F}.Debug|Any CPU.ActiveCfg = Debug|Any CPU
		{A120E038-057C-42BE-95CB-F740102BCE2F}.Debug|Any CPU.Build.0 = Debug|Any CPU
		{A120E038-057C-42BE-95CB-F740102BCE2F}.Release|Any CPU.ActiveCfg = Release|Any CPU
		{A120E038-057C-42BE-95CB-F740102BCE2F}.Release|Any CPU.Build.0 = Release|Any CPU
	EndGlobalSection
	GlobalSection(SolutionProperties) = preSolution
		HideSolutionNode = FALSE
	EndGlobalSection
	GlobalSection(NestedProjects) = preSolution
		{66165B99-DC77-40A4-90B9-05A1CB468FEA} = {669A9A23-621B-43A3-AAFB-5C9471A58EEA}
	EndGlobalSection
	GlobalSection(ExtensibilityGlobals) = postSolution
		SolutionGuid = {5F76C7A3-5F1D-4091-9DD5-4756D15775D1}
	EndGlobalSection
EndGlobal
