
Microsoft Visual Studio Solution File, Format Version 12.00
# Visual Studio Version 16
VisualStudioVersion = 16.0.29521.150
MinimumVisualStudioVersion = 10.0.40219.1
Project("{FAE04EC0-301F-11D3-BF4B-00C04F79EFBC}") = "rio-prototype", "rio-prototype\rio-prototype.csproj", "{2322A113-AF54-4D33-B9FF-0C8C50AFF85A}"
EndProject
Global
	GlobalSection(SolutionConfigurationPlatforms) = preSolution
		Debug|Any CPU = Debug|Any CPU
		Release|Any CPU = Release|Any CPU
	EndGlobalSection
	GlobalSection(ProjectConfigurationPlatforms) = postSolution
		{2322A113-AF54-4D33-B9FF-0C8C50AFF85A}.Debug|Any CPU.ActiveCfg = Debug|Any CPU
		{2322A113-AF54-4D33-B9FF-0C8C50AFF85A}.Debug|Any CPU.Build.0 = Debug|Any CPU
		{2322A113-AF54-4D33-B9FF-0C8C50AFF85A}.Release|Any CPU.ActiveCfg = Release|Any CPU
		{2322A113-AF54-4D33-B9FF-0C8C50AFF85A}.Release|Any CPU.Build.0 = Release|Any CPU
	EndGlobalSection
	GlobalSection(SolutionProperties) = preSolution
		HideSolutionNode = FALSE
	EndGlobalSection
	GlobalSection(ExtensibilityGlobals) = postSolution
		SolutionGuid = {5F76C7A3-5F1D-4091-9DD5-4756D15775D1}
	EndGlobalSection
EndGlobal
